
Microsoft Visual Studio Solution File, Format Version 12.00
Project("{FAE04EC0-301F-11D3-BF4B-00C04F79EFBC}") = "nandSharp", "nandSharp\nandSharp.csproj", "{5CD4EA68-E4F0-438E-9FDE-EAD5E9D0A004}"
EndProject
Global
	GlobalSection(SolutionConfigurationPlatforms) = preSolution
		Debug|Any CPU = Debug|Any CPU
		Release|Any CPU = Release|Any CPU
	EndGlobalSection
	GlobalSection(ProjectConfigurationPlatforms) = postSolution
		{5CD4EA68-E4F0-438E-9FDE-EAD5E9D0A004}.Debug|Any CPU.ActiveCfg = Debug|Any CPU
		{5CD4EA68-E4F0-438E-9FDE-EAD5E9D0A004}.Debug|Any CPU.Build.0 = Debug|Any CPU
		{5CD4EA68-E4F0-438E-9FDE-EAD5E9D0A004}.Release|Any CPU.ActiveCfg = Release|Any CPU
		{5CD4EA68-E4F0-438E-9FDE-EAD5E9D0A004}.Release|Any CPU.Build.0 = Release|Any CPU
	EndGlobalSection
EndGlobal
